// !$*UTF8*$!
{
	archiveVersion = 1;
	classes = {
	};
	objectVersion = 50;
	objects = {

/* Begin PBXBuildFile section */
		144FABA2208A55B9009DACF9 /* AppDelegate.swift in Sources */ = {isa = PBXBuildFile; fileRef = 144FABA1208A55B9009DACF9 /* AppDelegate.swift */; };
		144FABA4208A55B9009DACF9 /* WeatherVC.swift in Sources */ = {isa = PBXBuildFile; fileRef = 144FABA3208A55B9009DACF9 /* WeatherVC.swift */; };
		144FABA7208A55B9009DACF9 /* Main.storyboard in Resources */ = {isa = PBXBuildFile; fileRef = 144FABA5208A55B9009DACF9 /* Main.storyboard */; };
		144FABA9208A55BA009DACF9 /* Assets.xcassets in Resources */ = {isa = PBXBuildFile; fileRef = 144FABA8208A55BA009DACF9 /* Assets.xcassets */; };
		144FABAC208A55BA009DACF9 /* LaunchScreen.storyboard in Resources */ = {isa = PBXBuildFile; fileRef = 144FABAA208A55BA009DACF9 /* LaunchScreen.storyboard */; };
		144FABB4208A5959009DACF9 /* WeatherCell.swift in Sources */ = {isa = PBXBuildFile; fileRef = 144FABB3208A5959009DACF9 /* WeatherCell.swift */; };
		144FABB6208A5B61009DACF9 /* Conestant.swift in Sources */ = {isa = PBXBuildFile; fileRef = 144FABB5208A5B61009DACF9 /* Conestant.swift */; };
		144FABB8208A604B009DACF9 /* CurrentWeather.swift in Sources */ = {isa = PBXBuildFile; fileRef = 144FABB7208A604B009DACF9 /* CurrentWeather.swift */; };
		144FABBA208A81EF009DACF9 /* Forecaste.swift in Sources */ = {isa = PBXBuildFile; fileRef = 144FABB9208A81EF009DACF9 /* Forecaste.swift */; };
		144FABBC208A949F009DACF9 /* Location.swift in Sources */ = {isa = PBXBuildFile; fileRef = 144FABBB208A949F009DACF9 /* Location.swift */; };
		FF0EF068EF149AAD7E80AA9B /* Pods_weather.framework in Frameworks */ = {isa = PBXBuildFile; fileRef = 30AB9E33443B8C5765614B31 /* Pods_weather.framework */; };
/* End PBXBuildFile section */

/* Begin PBXFileReference section */
		009B760B777DF06D30F769A7 /* Pods-weather.debug.xcconfig */ = {isa = PBXFileReference; includeInIndex = 1; lastKnownFileType = text.xcconfig; name = "Pods-weather.debug.xcconfig"; path = "Pods/Target Support Files/Pods-weather/Pods-weather.debug.xcconfig"; sourceTree = "<group>"; };
		144FAB9E208A55B8009DACF9 /* weather.app */ = {isa = PBXFileReference; explicitFileType = wrapper.application; includeInIndex = 0; path = weather.app; sourceTree = BUILT_PRODUCTS_DIR; };
		144FABA1208A55B9009DACF9 /* AppDelegate.swift */ = {isa = PBXFileReference; lastKnownFileType = sourcecode.swift; path = AppDelegate.swift; sourceTree = "<group>"; };
		144FABA3208A55B9009DACF9 /* WeatherVC.swift */ = {isa = PBXFileReference; lastKnownFileType = sourcecode.swift; path = WeatherVC.swift; sourceTree = "<group>"; };
		144FABA6208A55B9009DACF9 /* Base */ = {isa = PBXFileReference; lastKnownFileType = file.storyboard; name = Base; path = Base.lproj/Main.storyboard; sourceTree = "<group>"; };
		144FABA8208A55BA009DACF9 /* Assets.xcassets */ = {isa = PBXFileReference; lastKnownFileType = folder.assetcatalog; path = Assets.xcassets; sourceTree = "<group>"; };
		144FABAB208A55BA009DACF9 /* Base */ = {isa = PBXFileReference; lastKnownFileType = file.storyboard; name = Base; path = Base.lproj/LaunchScreen.storyboard; sourceTree = "<group>"; };
		144FABAD208A55BA009DACF9 /* Info.plist */ = {isa = PBXFileReference; lastKnownFileType = text.plist.xml; path = Info.plist; sourceTree = "<group>"; };
		144FABB3208A5959009DACF9 /* WeatherCell.swift */ = {isa = PBXFileReference; lastKnownFileType = sourcecode.swift; path = WeatherCell.swift; sourceTree = "<group>"; };
		144FABB5208A5B61009DACF9 /* Conestant.swift */ = {isa = PBXFileReference; lastKnownFileType = sourcecode.swift; path = Conestant.swift; sourceTree = "<group>"; };
		144FABB7208A604B009DACF9 /* CurrentWeather.swift */ = {isa = PBXFileReference; lastKnownFileType = sourcecode.swift; path = CurrentWeather.swift; sourceTree = "<group>"; };
		144FABB9208A81EF009DACF9 /* Forecaste.swift */ = {isa = PBXFileReference; lastKnownFileType = sourcecode.swift; path = Forecaste.swift; sourceTree = "<group>"; };
		144FABBB208A949F009DACF9 /* Location.swift */ = {isa = PBXFileReference; lastKnownFileType = sourcecode.swift; path = Location.swift; sourceTree = "<group>"; };
		30AB9E33443B8C5765614B31 /* Pods_weather.framework */ = {isa = PBXFileReference; explicitFileType = wrapper.framework; includeInIndex = 0; path = Pods_weather.framework; sourceTree = BUILT_PRODUCTS_DIR; };
		46FA38DF8DABF3045E7C2665 /* Pods-weather.release.xcconfig */ = {isa = PBXFileReference; includeInIndex = 1; lastKnownFileType = text.xcconfig; name = "Pods-weather.release.xcconfig"; path = "Pods/Target Support Files/Pods-weather/Pods-weather.release.xcconfig"; sourceTree = "<group>"; };
/* End PBXFileReference section */

/* Begin PBXFrameworksBuildPhase section */
		144FAB9B208A55B8009DACF9 /* Frameworks */ = {
			isa = PBXFrameworksBuildPhase;
			buildActionMask = 2147483647;
			files = (
				FF0EF068EF149AAD7E80AA9B /* Pods_weather.framework in Frameworks */,
			);
			runOnlyForDeploymentPostprocessing = 0;
		};
/* End PBXFrameworksBuildPhase section */

/* Begin PBXGroup section */
		144FAB95208A55B8009DACF9 = {
			isa = PBXGroup;
			children = (
				144FABA0208A55B8009DACF9 /* weather */,
				144FAB9F208A55B8009DACF9 /* Products */,
				75172391D75A821A7C68C273 /* Pods */,
				C757D6A05C84A77D6D54CD42 /* Frameworks */,
			);
			sourceTree = "<group>";
		};
		144FAB9F208A55B8009DACF9 /* Products */ = {
			isa = PBXGroup;
			children = (
				144FAB9E208A55B8009DACF9 /* weather.app */,
			);
			name = Products;
			sourceTree = "<group>";
		};
		144FABA0208A55B8009DACF9 /* weather */ = {
			isa = PBXGroup;
			children = (
				144FABB5208A5B61009DACF9 /* Conestant.swift */,
				144FABA1208A55B9009DACF9 /* AppDelegate.swift */,
				144FABA3208A55B9009DACF9 /* WeatherVC.swift */,
				144FABA5208A55B9009DACF9 /* Main.storyboard */,
				144FABA8208A55BA009DACF9 /* Assets.xcassets */,
				144FABAA208A55BA009DACF9 /* LaunchScreen.storyboard */,
				144FABAD208A55BA009DACF9 /* Info.plist */,
				144FABB3208A5959009DACF9 /* WeatherCell.swift */,
				144FABB7208A604B009DACF9 /* CurrentWeather.swift */,
				144FABB9208A81EF009DACF9 /* Forecaste.swift */,
				144FABBB208A949F009DACF9 /* Location.swift */,
			);
			path = weather;
			sourceTree = "<group>";
		};
		75172391D75A821A7C68C273 /* Pods */ = {
			isa = PBXGroup;
			children = (
				009B760B777DF06D30F769A7 /* Pods-weather.debug.xcconfig */,
				46FA38DF8DABF3045E7C2665 /* Pods-weather.release.xcconfig */,
			);
			name = Pods;
			sourceTree = "<group>";
		};
		C757D6A05C84A77D6D54CD42 /* Frameworks */ = {
			isa = PBXGroup;
			children = (
				30AB9E33443B8C5765614B31 /* Pods_weather.framework */,
			);
			name = Frameworks;
			sourceTree = "<group>";
		};
/* End PBXGroup section */

/* Begin PBXNativeTarget section */
		144FAB9D208A55B8009DACF9 /* weather */ = {
			isa = PBXNativeTarget;
			buildConfigurationList = 144FABB0208A55BA009DACF9 /* Build configuration list for PBXNativeTarget "weather" */;
			buildPhases = (
				2EA59031FCEE793C45EF4F3A /* [CP] Check Pods Manifest.lock */,
				144FAB9A208A55B8009DACF9 /* Sources */,
				144FAB9B208A55B8009DACF9 /* Frameworks */,
				144FAB9C208A55B8009DACF9 /* Resources */,
				CF1147CC0C21971D79EA33D9 /* [CP] Embed Pods Frameworks */,
			);
			buildRules = (
			);
			dependencies = (
			);
			name = weather;
			productName = weather;
			productReference = 144FAB9E208A55B8009DACF9 /* weather.app */;
			productType = "com.apple.product-type.application";
		};
/* End PBXNativeTarget section */

/* Begin PBXProject section */
		144FAB96208A55B8009DACF9 /* Project object */ = {
			isa = PBXProject;
			attributes = {
				LastSwiftUpdateCheck = 0930;
				LastUpgradeCheck = 0930;
				ORGANIZATIONNAME = "Faisal Babkoor";
				TargetAttributes = {
					144FAB9D208A55B8009DACF9 = {
						CreatedOnToolsVersion = 9.3;
					};
				};
			};
			buildConfigurationList = 144FAB99208A55B8009DACF9 /* Build configuration list for PBXProject "weather" */;
			compatibilityVersion = "Xcode 9.3";
			developmentRegion = en;
			hasScannedForEncodings = 0;
			knownRegions = (
				en,
				Base,
			);
			mainGroup = 144FAB95208A55B8009DACF9;
			productRefGroup = 144FAB9F208A55B8009DACF9 /* Products */;
			projectDirPath = "";
			projectRoot = "";
			targets = (
				144FAB9D208A55B8009DACF9 /* weather */,
			);
		};
/* End PBXProject section */

/* Begin PBXResourcesBuildPhase section */
		144FAB9C208A55B8009DACF9 /* Resources */ = {
			isa = PBXResourcesBuildPhase;
			buildActionMask = 2147483647;
			files = (
				144FABAC208A55BA009DACF9 /* LaunchScreen.storyboard in Resources */,
				144FABA9208A55BA009DACF9 /* Assets.xcassets in Resources */,
				144FABA7208A55B9009DACF9 /* Main.storyboard in Resources */,
			);
			runOnlyForDeploymentPostprocessing = 0;
		};
/* End PBXResourcesBuildPhase section */

/* Begin PBXShellScriptBuildPhase section */
		2EA59031FCEE793C45EF4F3A /* [CP] Check Pods Manifest.lock */ = {
			isa = PBXShellScriptBuildPhase;
			buildActionMask = 2147483647;
			files = (
			);
			inputPaths = (
				"${PODS_PODFILE_DIR_PATH}/Podfile.lock",
				"${PODS_ROOT}/Manifest.lock",
			);
			name = "[CP] Check Pods Manifest.lock";
			outputPaths = (
				"$(DERIVED_FILE_DIR)/Pods-weather-checkManifestLockResult.txt",
			);
			runOnlyForDeploymentPostprocessing = 0;
			shellPath = /bin/sh;
			shellScript = "diff \"${PODS_PODFILE_DIR_PATH}/Podfile.lock\" \"${PODS_ROOT}/Manifest.lock\" > /dev/null\nif [ $? != 0 ] ; then\n    # print error to STDERR\n    echo \"error: The sandbox is not in sync with the Podfile.lock. Run 'pod install' or update your CocoaPods installation.\" >&2\n    exit 1\nfi\n# This output is used by Xcode 'outputs' to avoid re-running this script phase.\necho \"SUCCESS\" > \"${SCRIPT_OUTPUT_FILE_0}\"\n";
			showEnvVarsInLog = 0;
		};
		CF1147CC0C21971D79EA33D9 /* [CP] Embed Pods Frameworks */ = {
			isa = PBXShellScriptBuildPhase;
			buildActionMask = 2147483647;
			files = (
			);
			inputPaths = (
				"${SRCROOT}/Pods/Target Support Files/Pods-weather/Pods-weather-frameworks.sh",
				"${BUILT_PRODUCTS_DIR}/Alamofire/Alamofire.framework",
			);
			name = "[CP] Embed Pods Frameworks";
			outputPaths = (
				"${TARGET_BUILD_DIR}/${FRAMEWORKS_FOLDER_PATH}/Alamofire.framework",
			);
			runOnlyForDeploymentPostprocessing = 0;
			shellPath = /bin/sh;
			shellScript = "\"${SRCROOT}/Pods/Target Support Files/Pods-weather/Pods-weather-frameworks.sh\"\n";
			showEnvVarsInLog = 0;
		};
/* End PBXShellScriptBuildPhase section */

/* Begin PBXSourcesBuildPhase section */
		144FAB9A208A55B8009DACF9 /* Sources */ = {
			isa = PBXSourcesBuildPhase;
			buildActionMask = 2147483647;
			files = (
				144FABBA208A81EF009DACF9 /* Forecaste.swift in Sources */,
				144FABA4208A55B9009DACF9 /* WeatherVC.swift in Sources */,
				144FABB8208A604B009DACF9 /* CurrentWeather.swift in Sources */,
				144FABB6208A5B61009DACF9 /* Conestant.swift in Sources */,
				144FABA2208A55B9009DACF9 /* AppDelegate.swift in Sources */,
				144FABB4208A5959009DACF9 /* WeatherCell.swift in Sources */,
				144FABBC208A949F009DACF9 /* Location.swift in Sources */,
			);
			runOnlyForDeploymentPostprocessing = 0;
		};
/* End PBXSourcesBuildPhase section */

/* Begin PBXVariantGroup section */
		144FABA5208A55B9009DACF9 /* Main.storyboard */ = {
			isa = PBXVariantGroup;
			children = (
				144FABA6208A55B9009DACF9 /* Base */,
			);
			name = Main.storyboard;
			sourceTree = "<group>";
		};
		144FABAA208A55BA009DACF9 /* LaunchScreen.storyboard */ = {
			isa = PBXVariantGroup;
			children = (
				144FABAB208A55BA009DACF9 /* Base */,
			);
			name = LaunchScreen.storyboard;
			sourceTree = "<group>";
		};
/* End PBXVariantGroup section */

/* Begin XCBuildConfiguration section */
		144FABAE208A55BA009DACF9 /* Debug */ = {
			isa = XCBuildConfiguration;
			buildSettings = {
				ALWAYS_SEARCH_USER_PATHS = NO;
				CLANG_ANALYZER_NONNULL = YES;
				CLANG_ANALYZER_NUMBER_OBJECT_CONVERSION = YES_AGGRESSIVE;
				CLANG_CXX_LANGUAGE_STANDARD = "gnu++14";
				CLANG_CXX_LIBRARY = "libc++";
				CLANG_ENABLE_MODULES = YES;
				CLANG_ENABLE_OBJC_ARC = YES;
				CLANG_ENABLE_OBJC_WEAK = YES;
				CLANG_WARN_BLOCK_CAPTURE_AUTORELEASING = YES;
				CLANG_WARN_BOOL_CONVERSION = YES;
				CLANG_WARN_COMMA = YES;
				CLANG_WARN_CONSTANT_CONVERSION = YES;
				CLANG_WARN_DEPRECATED_OBJC_IMPLEMENTATIONS = YES;
				CLANG_WARN_DIRECT_OBJC_ISA_USAGE = YES_ERROR;
				CLANG_WARN_DOCUMENTATION_COMMENTS = YES;
				CLANG_WARN_EMPTY_BODY = YES;
				CLANG_WARN_ENUM_CONVERSION = YES;
				CLANG_WARN_INFINITE_RECURSION = YES;
				CLANG_WARN_INT_CONVERSION = YES;
				CLANG_WARN_NON_LITERAL_NULL_CONVERSION = YES;
				CLANG_WARN_OBJC_IMPLICIT_RETAIN_SELF = YES;
				CLANG_WARN_OBJC_LITERAL_CONVERSION = YES;
				CLANG_WARN_OBJC_ROOT_CLASS = YES_ERROR;
				CLANG_WARN_RANGE_LOOP_ANALYSIS = YES;
				CLANG_WARN_STRICT_PROTOTYPES = YES;
				CLANG_WARN_SUSPICIOUS_MOVE = YES;
				CLANG_WARN_UNGUARDED_AVAILABILITY = YES_AGGRESSIVE;
				CLANG_WARN_UNREACHABLE_CODE = YES;
				CLANG_WARN__DUPLICATE_METHOD_MATCH = YES;
				CODE_SIGN_IDENTITY = "iPhone Developer";
				COPY_PHASE_STRIP = NO;
				DEBUG_INFORMATION_FORMAT = dwarf;
				ENABLE_STRICT_OBJC_MSGSEND = YES;
				ENABLE_TESTABILITY = YES;
				GCC_C_LANGUAGE_STANDARD = gnu11;
				GCC_DYNAMIC_NO_PIC = NO;
				GCC_NO_COMMON_BLOCKS = YES;
				GCC_OPTIMIZATION_LEVEL = 0;
				GCC_PREPROCESSOR_DEFINITIONS = (
					"DEBUG=1",
					"$(inherited)",
				);
				GCC_WARN_64_TO_32_BIT_CONVERSION = YES;
				GCC_WARN_ABOUT_RETURN_TYPE = YES_ERROR;
				GCC_WARN_UNDECLARED_SELECTOR = YES;
				GCC_WARN_UNINITIALIZED_AUTOS = YES_AGGRESSIVE;
				GCC_WARN_UNUSED_FUNCTION = YES;
				GCC_WARN_UNUSED_VARIABLE = YES;
				IPHONEOS_DEPLOYMENT_TARGET = 11.3;
				MTL_ENABLE_DEBUG_INFO = YES;
				ONLY_ACTIVE_ARCH = YES;
				SDKROOT = iphoneos;
				SWIFT_ACTIVE_COMPILATION_CONDITIONS = DEBUG;
				SWIFT_OPTIMIZATION_LEVEL = "-Onone";
			};
			name = Debug;
		};
		144FABAF208A55BA009DACF9 /* Release */ = {
			isa = XCBuildConfiguration;
			buildSettings = {
				ALWAYS_SEARCH_USER_PATHS = NO;
				CLANG_ANALYZER_NONNULL = YES;
				CLANG_ANALYZER_NUMBER_OBJECT_CONVERSION = YES_AGGRESSIVE;
				CLANG_CXX_LANGUAGE_STANDARD = "gnu++14";
				CLANG_CXX_LIBRARY = "libc++";
				CLANG_ENABLE_MODULES = YES;
				CLANG_ENABLE_OBJC_ARC = YES;
				CLANG_ENABLE_OBJC_WEAK = YES;
				CLANG_WARN_BLOCK_CAPTURE_AUTORELEASING = YES;
				CLANG_WARN_BOOL_CONVERSION = YES;
				CLANG_WARN_COMMA = YES;
				CLANG_WARN_CONSTANT_CONVERSION = YES;
				CLANG_WARN_DEPRECATED_OBJC_IMPLEMENTATIONS = YES;
				CLANG_WARN_DIRECT_OBJC_ISA_USAGE = YES_ERROR;
				CLANG_WARN_DOCUMENTATION_COMMENTS = YES;
				CLANG_WARN_EMPTY_BODY = YES;
				CLANG_WARN_ENUM_CONVERSION = YES;
				CLANG_WARN_INFINITE_RECURSION = YES;
				CLANG_WARN_INT_CONVERSION = YES;
				CLANG_WARN_NON_LITERAL_NULL_CONVERSION = YES;
				CLANG_WARN_OBJC_IMPLICIT_RETAIN_SELF = YES;
				CLANG_WARN_OBJC_LITERAL_CONVERSION = YES;
				CLANG_WARN_OBJC_ROOT_CLASS = YES_ERROR;
				CLANG_WARN_RANGE_LOOP_ANALYSIS = YES;
				CLANG_WARN_STRICT_PROTOTYPES = YES;
				CLANG_WARN_SUSPICIOUS_MOVE = YES;
				CLANG_WARN_UNGUARDED_AVAILABILITY = YES_AGGRESSIVE;
				CLANG_WARN_UNREACHABLE_CODE = YES;
				CLANG_WARN__DUPLICATE_METHOD_MATCH = YES;
				CODE_SIGN_IDENTITY = "iPhone Developer";
				COPY_PHASE_STRIP = NO;
				DEBUG_INFORMATION_FORMAT = "dwarf-with-dsym";
				ENABLE_NS_ASSERTIONS = NO;
				ENABLE_STRICT_OBJC_MSGSEND = YES;
				GCC_C_LANGUAGE_STANDARD = gnu11;
				GCC_NO_COMMON_BLOCKS = YES;
				GCC_WARN_64_TO_32_BIT_CONVERSION = YES;
				GCC_WARN_ABOUT_RETURN_TYPE = YES_ERROR;
				GCC_WARN_UNDECLARED_SELECTOR = YES;
				GCC_WARN_UNINITIALIZED_AUTOS = YES_AGGRESSIVE;
				GCC_WARN_UNUSED_FUNCTION = YES;
				GCC_WARN_UNUSED_VARIABLE = YES;
				IPHONEOS_DEPLOYMENT_TARGET = 11.3;
				MTL_ENABLE_DEBUG_INFO = NO;
				SDKROOT = iphoneos;
				SWIFT_COMPILATION_MODE = wholemodule;
				SWIFT_OPTIMIZATION_LEVEL = "-O";
				VALIDATE_PRODUCT = YES;
			};
			name = Release;
		};
		144FABB1208A55BA009DACF9 /* Debug */ = {
			isa = XCBuildConfiguration;
			baseConfigurationReference = 009B760B777DF06D30F769A7 /* Pods-weather.debug.xcconfig */;
			buildSettings = {
				ASSETCATALOG_COMPILER_APPICON_NAME = AppIcon;
				CODE_SIGN_STYLE = Automatic;
				DEVELOPMENT_TEAM = 99D7PQF846;
				INFOPLIST_FILE = weather/Info.plist;
				LD_RUNPATH_SEARCH_PATHS = (
					"$(inherited)",
					"@executable_path/Frameworks",
				);
				PRODUCT_BUNDLE_IDENTIFIER = com.faisal.weather;
				PRODUCT_NAME = "$(TARGET_NAME)";
				SWIFT_VERSION = 4.0;
				TARGETED_DEVICE_FAMILY = "1,2";
			};
			name = Debug;
		};
		144FABB2208A55BA009DACF9 /* Release */ = {
			isa = XCBuildConfiguration;
			baseConfigurationReference = 46FA38DF8DABF3045E7C2665 /* Pods-weather.release.xcconfig */;
			buildSettings = {
				ASSETCATALOG_COMPILER_APPICON_NAME = AppIcon;
				CODE_SIGN_STYLE = Automatic;
				DEVELOPMENT_TEAM = 99D7PQF846;
				INFOPLIST_FILE = weather/Info.plist;
				LD_RUNPATH_SEARCH_PATHS = (
					"$(inherited)",
					"@executable_path/Frameworks",
				);
				PRODUCT_BUNDLE_IDENTIFIER = com.faisal.weather;
				PRODUCT_NAME = "$(TARGET_NAME)";
				SWIFT_VERSION = 4.0;
				TARGETED_DEVICE_FAMILY = "1,2";
			};
			name = Release;
		};
/* End XCBuildConfiguration section */

/* Begin XCConfigurationList section */
		144FAB99208A55B8009DACF9 /* Build configuration list for PBXProject "weather" */ = {
			isa = XCConfigurationList;
			buildConfigurations = (
				144FABAE208A55BA009DACF9 /* Debug */,
				144FABAF208A55BA009DACF9 /* Release */,
			);
			defaultConfigurationIsVisible = 0;
			defaultConfigurationName = Release;
		};
		144FABB0208A55BA009DACF9 /* Build configuration list for PBXNativeTarget "weather" */ = {
			isa = XCConfigurationList;
			buildConfigurations = (
				144FABB1208A55BA009DACF9 /* Debug */,
				144FABB2208A55BA009DACF9 /* Release */,
			);
			defaultConfigurationIsVisible = 0;
			defaultConfigurationName = Release;
		};
/* End XCConfigurationList section */
	};
	rootObject = 144FAB96208A55B8009DACF9 /* Project object */;
}
